
Microsoft Visual Studio Solution File, Format Version 12.00
# Visual Studio Version 17
VisualStudioVersion = 17.0.31912.275
MinimumVisualStudioVersion = 10.0.40219.1
Project("{9A19103F-16F7-4668-BE54-9A1E7A4F7556}") = "WebService", "WebHook\WebService.csproj", "{F5F9D82E-CA4A-494D-A4A8-D745FBC17151}"
EndProject
Project("{9A19103F-16F7-4668-BE54-9A1E7A4F7556}") = "Application", "Application\Application.csproj", "{D597E24A-6F38-49E3-B862-763EECF8EF86}"
EndProject
Project("{9A19103F-16F7-4668-BE54-9A1E7A4F7556}") = "Infrastructure", "Infrastructure\Infrastructure.csproj", "{9149AA3B-CC40-4E95-84DA-5B61FCB1FBF7}"
EndProject
Project("{9A19103F-16F7-4668-BE54-9A1E7A4F7556}") = "Domain", "Domain\Domain.csproj", "{D135AD2D-AD24-4368-A084-6C8DB1291EBB}"
EndProject
Global
	GlobalSection(SolutionConfigurationPlatforms) = preSolution
		Debug|Any CPU = Debug|Any CPU
		Release|Any CPU = Release|Any CPU
	EndGlobalSection
	GlobalSection(ProjectConfigurationPlatforms) = postSolution
		{F5F9D82E-CA4A-494D-A4A8-D745FBC17151}.Debug|Any CPU.ActiveCfg = Debug|Any CPU
		{F5F9D82E-CA4A-494D-A4A8-D745FBC17151}.Debug|Any CPU.Build.0 = Debug|Any CPU
		{F5F9D82E-CA4A-494D-A4A8-D745FBC17151}.Release|Any CPU.ActiveCfg = Release|Any CPU
		{F5F9D82E-CA4A-494D-A4A8-D745FBC17151}.Release|Any CPU.Build.0 = Release|Any CPU
		{D597E24A-6F38-49E3-B862-763EECF8EF86}.Debug|Any CPU.ActiveCfg = Debug|Any CPU
		{D597E24A-6F38-49E3-B862-763EECF8EF86}.Debug|Any CPU.Build.0 = Debug|Any CPU
		{D597E24A-6F38-49E3-B862-763EECF8EF86}.Release|Any CPU.ActiveCfg = Release|Any CPU
		{D597E24A-6F38-49E3-B862-763EECF8EF86}.Release|Any CPU.Build.0 = Release|Any CPU
		{9149AA3B-CC40-4E95-84DA-5B61FCB1FBF7}.Debug|Any CPU.ActiveCfg = Debug|Any CPU
		{9149AA3B-CC40-4E95-84DA-5B61FCB1FBF7}.Debug|Any CPU.Build.0 = Debug|Any CPU
		{9149AA3B-CC40-4E95-84DA-5B61FCB1FBF7}.Release|Any CPU.ActiveCfg = Release|Any CPU
		{9149AA3B-CC40-4E95-84DA-5B61FCB1FBF7}.Release|Any CPU.Build.0 = Release|Any CPU
		{D135AD2D-AD24-4368-A084-6C8DB1291EBB}.Debug|Any CPU.ActiveCfg = Debug|Any CPU
		{D135AD2D-AD24-4368-A084-6C8DB1291EBB}.Debug|Any CPU.Build.0 = Debug|Any CPU
		{D135AD2D-AD24-4368-A084-6C8DB1291EBB}.Release|Any CPU.ActiveCfg = Release|Any CPU
		{D135AD2D-AD24-4368-A084-6C8DB1291EBB}.Release|Any CPU.Build.0 = Release|Any CPU
	EndGlobalSection
	GlobalSection(SolutionProperties) = preSolution
		HideSolutionNode = FALSE
	EndGlobalSection
	GlobalSection(ExtensibilityGlobals) = postSolution
		SolutionGuid = {70D49468-E7EC-4F3C-85AD-8C03BE308313}
	EndGlobalSection
EndGlobal
